# Generated by pub
# See https://dart.dev/tools/pub/glossary#lockfile
packages:
  formz:
    dependency: "direct main"
    description:
      name: formz
      sha256: ed92f501f4a44b1da9137a025007df773b3732147b413c464158ecd997612ab6
      url: "https://pub.dev"
    source: hosted
    version: "0.4.1"
  very_good_analysis:
    dependency: "direct dev"
    description:
      name: very_good_analysis
      sha256: ebc48c51db35beeeec8c414e32f7bd78e612bd7f5992ccb0d46e19edaeb40b08
      url: "https://pub.dev"
    source: hosted
    version: "4.0.0+1"
sdks:
  dart: ">=2.19.0 <3.0.0"
